
Microsoft Visual Studio Solution File, Format Version 12.00
# Visual Studio Version 17
VisualStudioVersion = 17.3.32825.248
MinimumVisualStudioVersion = 10.0.40219.1
Project("{FAE04EC0-301F-11D3-BF4B-00C04F79EFBC}") = "If_Statement", "If_Statement\If_Statement.csproj", "{5D9D4C25-5103-4A6A-A73D-20C8B7968121}"
EndProject
Global
	GlobalSection(SolutionConfigurationPlatforms) = preSolution
		Debug|Any CPU = Debug|Any CPU
		Release|Any CPU = Release|Any CPU
	EndGlobalSection
	GlobalSection(ProjectConfigurationPlatforms) = postSolution
		{5D9D4C25-5103-4A6A-A73D-20C8B7968121}.Debug|Any CPU.ActiveCfg = Debug|Any CPU
		{5D9D4C25-5103-4A6A-A73D-20C8B7968121}.Debug|Any CPU.Build.0 = Debug|Any CPU
		{5D9D4C25-5103-4A6A-A73D-20C8B7968121}.Release|Any CPU.ActiveCfg = Release|Any CPU
		{5D9D4C25-5103-4A6A-A73D-20C8B7968121}.Release|Any CPU.Build.0 = Release|Any CPU
	EndGlobalSection
	GlobalSection(SolutionProperties) = preSolution
		HideSolutionNode = FALSE
	EndGlobalSection
	GlobalSection(ExtensibilityGlobals) = postSolution
		SolutionGuid = {EEDB4D9E-4F1C-4A6C-8080-1EC5C6954B98}
	EndGlobalSection
EndGlobal
